// !$*UTF8*$!
{
	archiveVersion = 1;
	classes = {
	};
	objectVersion = 56;
	objects = {

/* Begin PBXBuildFile section */
		860805AD2C22B9BB0068831D /* AppDelegate.swift in Sources */ = {isa = PBXBuildFile; fileRef = 860805AC2C22B9BB0068831D /* AppDelegate.swift */; };
		860805AF2C22B9BB0068831D /* SceneDelegate.swift in Sources */ = {isa = PBXBuildFile; fileRef = 860805AE2C22B9BB0068831D /* SceneDelegate.swift */; };
		860805B12C22B9BB0068831D /* ViewController.swift in Sources */ = {isa = PBXBuildFile; fileRef = 860805B02C22B9BB0068831D /* ViewController.swift */; };
		860805B42C22B9BB0068831D /* Base in Resources */ = {isa = PBXBuildFile; fileRef = 860805B32C22B9BB0068831D /* Base */; };
		860805B62C22B9BC0068831D /* Assets.xcassets in Resources */ = {isa = PBXBuildFile; fileRef = 860805B52C22B9BC0068831D /* Assets.xcassets */; };
		860805B92C22B9BC0068831D /* Base in Resources */ = {isa = PBXBuildFile; fileRef = 860805B82C22B9BC0068831D /* Base */; };
		860805C42C22B9BC0068831D /* TTTests.swift in Sources */ = {isa = PBXBuildFile; fileRef = 860805C32C22B9BC0068831D /* TTTests.swift */; };
		860805CE2C22B9BC0068831D /* TTUITests.swift in Sources */ = {isa = PBXBuildFile; fileRef = 860805CD2C22B9BC0068831D /* TTUITests.swift */; };
		860805D02C22B9BC0068831D /* TTUITestsLaunchTests.swift in Sources */ = {isa = PBXBuildFile; fileRef = 860805CF2C22B9BC0068831D /* TTUITestsLaunchTests.swift */; };
/* End PBXBuildFile section */

/* Begin PBXContainerItemProxy section */
		860805C02C22B9BC0068831D /* PBXContainerItemProxy */ = {
			isa = PBXContainerItemProxy;
			containerPortal = 860805A12C22B9BB0068831D /* Project object */;
			proxyType = 1;
			remoteGlobalIDString = 860805A82C22B9BB0068831D;
			remoteInfo = TT;
		};
		860805CA2C22B9BC0068831D /* PBXContainerItemProxy */ = {
			isa = PBXContainerItemProxy;
			containerPortal = 860805A12C22B9BB0068831D /* Project object */;
			proxyType = 1;
			remoteGlobalIDString = 860805A82C22B9BB0068831D;
			remoteInfo = TT;
		};
/* End PBXContainerItemProxy section */

/* Begin PBXFileReference section */
		860805A92C22B9BB0068831D /* TT.app */ = {isa = PBXFileReference; explicitFileType = wrapper.application; includeInIndex = 0; path = TT.app; sourceTree = BUILT_PRODUCTS_DIR; };
		860805AC2C22B9BB0068831D /* AppDelegate.swift */ = {isa = PBXFileReference; lastKnownFileType = sourcecode.swift; path = AppDelegate.swift; sourceTree = "<group>"; };
		860805AE2C22B9BB0068831D /* SceneDelegate.swift */ = {isa = PBXFileReference; lastKnownFileType = sourcecode.swift; path = SceneDelegate.swift; sourceTree = "<group>"; };
		860805B02C22B9BB0068831D /* ViewController.swift */ = {isa = PBXFileReference; lastKnownFileType = sourcecode.swift; path = ViewController.swift; sourceTree = "<group>"; };
		860805B32C22B9BB0068831D /* Base */ = {isa = PBXFileReference; lastKnownFileType = file.storyboard; name = Base; path = Base.lproj/Main.storyboard; sourceTree = "<group>"; };
		860805B52C22B9BC0068831D /* Assets.xcassets */ = {isa = PBXFileReference; lastKnownFileType = folder.assetcatalog; path = Assets.xcassets; sourceTree = "<group>"; };
		860805B82C22B9BC0068831D /* Base */ = {isa = PBXFileReference; lastKnownFileType = file.storyboard; name = Base; path = Base.lproj/LaunchScreen.storyboard; sourceTree = "<group>"; };
		860805BA2C22B9BC0068831D /* Info.plist */ = {isa = PBXFileReference; lastKnownFileType = text.plist.xml; path = Info.plist; sourceTree = "<group>"; };
		860805BF2C22B9BC0068831D /* TTTests.xctest */ = {isa = PBXFileReference; explicitFileType = wrapper.cfbundle; includeInIndex = 0; path = TTTests.xctest; sourceTree = BUILT_PRODUCTS_DIR; };
		860805C32C22B9BC0068831D /* TTTests.swift */ = {isa = PBXFileReference; lastKnownFileType = sourcecode.swift; path = TTTests.swift; sourceTree = "<group>"; };
		860805C92C22B9BC0068831D /* TTUITests.xctest */ = {isa = PBXFileReference; explicitFileType = wrapper.cfbundle; includeInIndex = 0; path = TTUITests.xctest; sourceTree = BUILT_PRODUCTS_DIR; };
		860805CD2C22B9BC0068831D /* TTUITests.swift */ = {isa = PBXFileReference; lastKnownFileType = sourcecode.swift; path = TTUITests.swift; sourceTree = "<group>"; };
		860805CF2C22B9BC0068831D /* TTUITestsLaunchTests.swift */ = {isa = PBXFileReference; lastKnownFileType = sourcecode.swift; path = TTUITestsLaunchTests.swift; sourceTree = "<group>"; };
/* End PBXFileReference section */

/* Begin PBXFrameworksBuildPhase section */
		860805A62C22B9BB0068831D /* Frameworks */ = {
			isa = PBXFrameworksBuildPhase;
			buildActionMask = 2147483647;
			files = (
			);
			runOnlyForDeploymentPostprocessing = 0;
		};
		860805BC2C22B9BC0068831D /* Frameworks */ = {
			isa = PBXFrameworksBuildPhase;
			buildActionMask = 2147483647;
			files = (
			);
			runOnlyForDeploymentPostprocessing = 0;
		};
		860805C62C22B9BC0068831D /* Frameworks */ = {
			isa = PBXFrameworksBuildPhase;
			buildActionMask = 2147483647;
			files = (
			);
			runOnlyForDeploymentPostprocessing = 0;
		};
/* End PBXFrameworksBuildPhase section */

/* Begin PBXGroup section */
		860805A02C22B9BB0068831D = {
			isa = PBXGroup;
			children = (
				860805AB2C22B9BB0068831D /* TT */,
				860805C22C22B9BC0068831D /* TTTests */,
				860805CC2C22B9BC0068831D /* TTUITests */,
				860805AA2C22B9BB0068831D /* Products */,
			);
			sourceTree = "<group>";
		};
		860805AA2C22B9BB0068831D /* Products */ = {
			isa = PBXGroup;
			children = (
				860805A92C22B9BB0068831D /* TT.app */,
				860805BF2C22B9BC0068831D /* TTTests.xctest */,
				860805C92C22B9BC0068831D /* TTUITests.xctest */,
			);
			name = Products;
			sourceTree = "<group>";
		};
		860805AB2C22B9BB0068831D /* TT */ = {
			isa = PBXGroup;
			children = (
				860805AC2C22B9BB0068831D /* AppDelegate.swift */,
				860805AE2C22B9BB0068831D /* SceneDelegate.swift */,
				860805B02C22B9BB0068831D /* ViewController.swift */,
				860805B22C22B9BB0068831D /* Main.storyboard */,
				860805B52C22B9BC0068831D /* Assets.xcassets */,
				860805B72C22B9BC0068831D /* LaunchScreen.storyboard */,
				860805BA2C22B9BC0068831D /* Info.plist */,
			);
			path = TT;
			sourceTree = "<group>";
		};
		860805C22C22B9BC0068831D /* TTTests */ = {
			isa = PBXGroup;
			children = (
				860805C32C22B9BC0068831D /* TTTests.swift */,
			);
			path = TTTests;
			sourceTree = "<group>";
		};
		860805CC2C22B9BC0068831D /* TTUITests */ = {
			isa = PBXGroup;
			children = (
				860805CD2C22B9BC0068831D /* TTUITests.swift */,
				860805CF2C22B9BC0068831D /* TTUITestsLaunchTests.swift */,
			);
			path = TTUITests;
			sourceTree = "<group>";
		};
/* End PBXGroup section */

/* Begin PBXNativeTarget section */
		860805A82C22B9BB0068831D /* TT */ = {
			isa = PBXNativeTarget;
			buildConfigurationList = 860805D32C22B9BC0068831D /* Build configuration list for PBXNativeTarget "TT" */;
			buildPhases = (
				860805A52C22B9BB0068831D /* Sources */,
				860805A62C22B9BB0068831D /* Frameworks */,
				860805A72C22B9BB0068831D /* Resources */,
			);
			buildRules = (
			);
			dependencies = (
			);
			name = TT;
			productName = TT;
			productReference = 860805A92C22B9BB0068831D /* TT.app */;
			productType = "com.apple.product-type.application";
		};
		860805BE2C22B9BC0068831D /* TTTests */ = {
			isa = PBXNativeTarget;
			buildConfigurationList = 860805D62C22B9BC0068831D /* Build configuration list for PBXNativeTarget "TTTests" */;
			buildPhases = (
				860805BB2C22B9BC0068831D /* Sources */,
				860805BC2C22B9BC0068831D /* Frameworks */,
				860805BD2C22B9BC0068831D /* Resources */,
			);
			buildRules = (
			);
			dependencies = (
				860805C12C22B9BC0068831D /* PBXTargetDependency */,
			);
			name = TTTests;
			productName = TTTests;
			productReference = 860805BF2C22B9BC0068831D /* TTTests.xctest */;
			productType = "com.apple.product-type.bundle.unit-test";
		};
		860805C82C22B9BC0068831D /* TTUITests */ = {
			isa = PBXNativeTarget;
			buildConfigurationList = 860805D92C22B9BC0068831D /* Build configuration list for PBXNativeTarget "TTUITests" */;
			buildPhases = (
				860805C52C22B9BC0068831D /* Sources */,
				860805C62C22B9BC0068831D /* Frameworks */,
				860805C72C22B9BC0068831D /* Resources */,
			);
			buildRules = (
			);
			dependencies = (
				860805CB2C22B9BC0068831D /* PBXTargetDependency */,
			);
			name = TTUITests;
			productName = TTUITests;
			productReference = 860805C92C22B9BC0068831D /* TTUITests.xctest */;
			productType = "com.apple.product-type.bundle.ui-testing";
		};
/* End PBXNativeTarget section */

/* Begin PBXProject section */
		860805A12C22B9BB0068831D /* Project object */ = {
			isa = PBXProject;
			attributes = {
				BuildIndependentTargetsInParallel = 1;
				LastSwiftUpdateCheck = 1530;
				LastUpgradeCheck = 1530;
				TargetAttributes = {
					860805A82C22B9BB0068831D = {
						CreatedOnToolsVersion = 15.3;
					};
					860805BE2C22B9BC0068831D = {
						CreatedOnToolsVersion = 15.3;
						TestTargetID = 860805A82C22B9BB0068831D;
					};
					860805C82C22B9BC0068831D = {
						CreatedOnToolsVersion = 15.3;
						TestTargetID = 860805A82C22B9BB0068831D;
					};
				};
			};
			buildConfigurationList = 860805A42C22B9BB0068831D /* Build configuration list for PBXProject "TT" */;
			compatibilityVersion = "Xcode 14.0";
			developmentRegion = en;
			hasScannedForEncodings = 0;
			knownRegions = (
				en,
				Base,
			);
			mainGroup = 860805A02C22B9BB0068831D;
			productRefGroup = 860805AA2C22B9BB0068831D /* Products */;
			projectDirPath = "";
			projectRoot = "";
			targets = (
				860805A82C22B9BB0068831D /* TT */,
				860805BE2C22B9BC0068831D /* TTTests */,
				860805C82C22B9BC0068831D /* TTUITests */,
			);
		};
/* End PBXProject section */

/* Begin PBXResourcesBuildPhase section */
		860805A72C22B9BB0068831D /* Resources */ = {
			isa = PBXResourcesBuildPhase;
			buildActionMask = 2147483647;
			files = (
				860805B62C22B9BC0068831D /* Assets.xcassets in Resources */,
				860805B92C22B9BC0068831D /* Base in Resources */,
				860805B42C22B9BB0068831D /* Base in Resources */,
			);
			runOnlyForDeploymentPostprocessing = 0;
		};
		860805BD2C22B9BC0068831D /* Resources */ = {
			isa = PBXResourcesBuildPhase;
			buildActionMask = 2147483647;
			files = (
			);
			runOnlyForDeploymentPostprocessing = 0;
		};
		860805C72C22B9BC0068831D /* Resources */ = {
			isa = PBXResourcesBuildPhase;
			buildActionMask = 2147483647;
			files = (
			);
			runOnlyForDeploymentPostprocessing = 0;
		};
/* End PBXResourcesBuildPhase section */

/* Begin PBXSourcesBuildPhase section */
		860805A52C22B9BB0068831D /* Sources */ = {
			isa = PBXSourcesBuildPhase;
			buildActionMask = 2147483647;
			files = (
				860805B12C22B9BB0068831D /* ViewController.swift in Sources */,
				860805AD2C22B9BB0068831D /* AppDelegate.swift in Sources */,
				860805AF2C22B9BB0068831D /* SceneDelegate.swift in Sources */,
			);
			runOnlyForDeploymentPostprocessing = 0;
		};
		860805BB2C22B9BC0068831D /* Sources */ = {
			isa = PBXSourcesBuildPhase;
			buildActionMask = 2147483647;
			files = (
				860805C42C22B9BC0068831D /* TTTests.swift in Sources */,
			);
			runOnlyForDeploymentPostprocessing = 0;
		};
		860805C52C22B9BC0068831D /* Sources */ = {
			isa = PBXSourcesBuildPhase;
			buildActionMask = 2147483647;
			files = (
				860805D02C22B9BC0068831D /* TTUITestsLaunchTests.swift in Sources */,
				860805CE2C22B9BC0068831D /* TTUITests.swift in Sources */,
			);
			runOnlyForDeploymentPostprocessing = 0;
		};
/* End PBXSourcesBuildPhase section */

/* Begin PBXTargetDependency section */
		860805C12C22B9BC0068831D /* PBXTargetDependency */ = {
			isa = PBXTargetDependency;
			target = 860805A82C22B9BB0068831D /* TT */;
			targetProxy = 860805C02C22B9BC0068831D /* PBXContainerItemProxy */;
		};
		860805CB2C22B9BC0068831D /* PBXTargetDependency */ = {
			isa = PBXTargetDependency;
			target = 860805A82C22B9BB0068831D /* TT */;
			targetProxy = 860805CA2C22B9BC0068831D /* PBXContainerItemProxy */;
		};
/* End PBXTargetDependency section */

/* Begin PBXVariantGroup section */
		860805B22C22B9BB0068831D /* Main.storyboard */ = {
			isa = PBXVariantGroup;
			children = (
				860805B32C22B9BB0068831D /* Base */,
			);
			name = Main.storyboard;
			sourceTree = "<group>";
		};
		860805B72C22B9BC0068831D /* LaunchScreen.storyboard */ = {
			isa = PBXVariantGroup;
			children = (
				860805B82C22B9BC0068831D /* Base */,
			);
			name = LaunchScreen.storyboard;
			sourceTree = "<group>";
		};
/* End PBXVariantGroup section */

/* Begin XCBuildConfiguration section */
		860805D12C22B9BC0068831D /* Debug */ = {
			isa = XCBuildConfiguration;
			buildSettings = {
				ALWAYS_SEARCH_USER_PATHS = NO;
				ASSETCATALOG_COMPILER_GENERATE_SWIFT_ASSET_SYMBOL_EXTENSIONS = YES;
				CLANG_ANALYZER_NONNULL = YES;
				CLANG_ANALYZER_NUMBER_OBJECT_CONVERSION = YES_AGGRESSIVE;
				CLANG_CXX_LANGUAGE_STANDARD = "gnu++20";
				CLANG_ENABLE_MODULES = YES;
				CLANG_ENABLE_OBJC_ARC = YES;
				CLANG_ENABLE_OBJC_WEAK = YES;
				CLANG_WARN_BLOCK_CAPTURE_AUTORELEASING = YES;
				CLANG_WARN_BOOL_CONVERSION = YES;
				CLANG_WARN_COMMA = YES;
				CLANG_WARN_CONSTANT_CONVERSION = YES;
				CLANG_WARN_DEPRECATED_OBJC_IMPLEMENTATIONS = YES;
				CLANG_WARN_DIRECT_OBJC_ISA_USAGE = YES_ERROR;
				CLANG_WARN_DOCUMENTATION_COMMENTS = YES;
				CLANG_WARN_EMPTY_BODY = YES;
				CLANG_WARN_ENUM_CONVERSION = YES;
				CLANG_WARN_INFINITE_RECURSION = YES;
				CLANG_WARN_INT_CONVERSION = YES;
				CLANG_WARN_NON_LITERAL_NULL_CONVERSION = YES;
				CLANG_WARN_OBJC_IMPLICIT_RETAIN_SELF = YES;
				CLANG_WARN_OBJC_LITERAL_CONVERSION = YES;
				CLANG_WARN_OBJC_ROOT_CLASS = YES_ERROR;
				CLANG_WARN_QUOTED_INCLUDE_IN_FRAMEWORK_HEADER = YES;
				CLANG_WARN_RANGE_LOOP_ANALYSIS = YES;
				CLANG_WARN_STRICT_PROTOTYPES = YES;
				CLANG_WARN_SUSPICIOUS_MOVE = YES;
				CLANG_WARN_UNGUARDED_AVAILABILITY = YES_AGGRESSIVE;
				CLANG_WARN_UNREACHABLE_CODE = YES;
				CLANG_WARN__DUPLICATE_METHOD_MATCH = YES;
				COPY_PHASE_STRIP = NO;
				DEBUG_INFORMATION_FORMAT = dwarf;
				ENABLE_STRICT_OBJC_MSGSEND = YES;
				ENABLE_TESTABILITY = YES;
				ENABLE_USER_SCRIPT_SANDBOXING = YES;
				GCC_C_LANGUAGE_STANDARD = gnu17;
				GCC_DYNAMIC_NO_PIC = NO;
				GCC_NO_COMMON_BLOCKS = YES;
				GCC_OPTIMIZATION_LEVEL = 0;
				GCC_PREPROCESSOR_DEFINITIONS = (
					"DEBUG=1",
					"$(inherited)",
				);
				GCC_WARN_64_TO_32_BIT_CONVERSION = YES;
				GCC_WARN_ABOUT_RETURN_TYPE = YES_ERROR;
				GCC_WARN_UNDECLARED_SELECTOR = YES;
				GCC_WARN_UNINITIALIZED_AUTOS = YES_AGGRESSIVE;
				GCC_WARN_UNUSED_FUNCTION = YES;
				GCC_WARN_UNUSED_VARIABLE = YES;
				IPHONEOS_DEPLOYMENT_TARGET = 17.4;
				LOCALIZATION_PREFERS_STRING_CATALOGS = YES;
				MTL_ENABLE_DEBUG_INFO = INCLUDE_SOURCE;
				MTL_FAST_MATH = YES;
				ONLY_ACTIVE_ARCH = YES;
				SDKROOT = iphoneos;
				SWIFT_ACTIVE_COMPILATION_CONDITIONS = "DEBUG $(inherited)";
				SWIFT_OPTIMIZATION_LEVEL = "-Onone";
			};
			name = Debug;
		};
		860805D22C22B9BC0068831D /* Release */ = {
			isa = XCBuildConfiguration;
			buildSettings = {
				ALWAYS_SEARCH_USER_PATHS = NO;
				ASSETCATALOG_COMPILER_GENERATE_SWIFT_ASSET_SYMBOL_EXTENSIONS = YES;
				CLANG_ANALYZER_NONNULL = YES;
				CLANG_ANALYZER_NUMBER_OBJECT_CONVERSION = YES_AGGRESSIVE;
				CLANG_CXX_LANGUAGE_STANDARD = "gnu++20";
				CLANG_ENABLE_MODULES = YES;
				CLANG_ENABLE_OBJC_ARC = YES;
				CLANG_ENABLE_OBJC_WEAK = YES;
				CLANG_WARN_BLOCK_CAPTURE_AUTORELEASING = YES;
				CLANG_WARN_BOOL_CONVERSION = YES;
				CLANG_WARN_COMMA = YES;
				CLANG_WARN_CONSTANT_CONVERSION = YES;
				CLANG_WARN_DEPRECATED_OBJC_IMPLEMENTATIONS = YES;
				CLANG_WARN_DIRECT_OBJC_ISA_USAGE = YES_ERROR;
				CLANG_WARN_DOCUMENTATION_COMMENTS = YES;
				CLANG_WARN_EMPTY_BODY = YES;
				CLANG_WARN_ENUM_CONVERSION = YES;
				CLANG_WARN_INFINITE_RECURSION = YES;
				CLANG_WARN_INT_CONVERSION = YES;
				CLANG_WARN_NON_LITERAL_NULL_CONVERSION = YES;
				CLANG_WARN_OBJC_IMPLICIT_RETAIN_SELF = YES;
				CLANG_WARN_OBJC_LITERAL_CONVERSION = YES;
				CLANG_WARN_OBJC_ROOT_CLASS = YES_ERROR;
				CLANG_WARN_QUOTED_INCLUDE_IN_FRAMEWORK_HEADER = YES;
				CLANG_WARN_RANGE_LOOP_ANALYSIS = YES;
				CLANG_WARN_STRICT_PROTOTYPES = YES;
				CLANG_WARN_SUSPICIOUS_MOVE = YES;
				CLANG_WARN_UNGUARDED_AVAILABILITY = YES_AGGRESSIVE;
				CLANG_WARN_UNREACHABLE_CODE = YES;
				CLANG_WARN__DUPLICATE_METHOD_MATCH = YES;
				COPY_PHASE_STRIP = NO;
				DEBUG_INFORMATION_FORMAT = "dwarf-with-dsym";
				ENABLE_NS_ASSERTIONS = NO;
				ENABLE_STRICT_OBJC_MSGSEND = YES;
				ENABLE_USER_SCRIPT_SANDBOXING = YES;
				GCC_C_LANGUAGE_STANDARD = gnu17;
				GCC_NO_COMMON_BLOCKS = YES;
				GCC_WARN_64_TO_32_BIT_CONVERSION = YES;
				GCC_WARN_ABOUT_RETURN_TYPE = YES_ERROR;
				GCC_WARN_UNDECLARED_SELECTOR = YES;
				GCC_WARN_UNINITIALIZED_AUTOS = YES_AGGRESSIVE;
				GCC_WARN_UNUSED_FUNCTION = YES;
				GCC_WARN_UNUSED_VARIABLE = YES;
				IPHONEOS_DEPLOYMENT_TARGET = 17.4;
				LOCALIZATION_PREFERS_STRING_CATALOGS = YES;
				MTL_ENABLE_DEBUG_INFO = NO;
				MTL_FAST_MATH = YES;
				SDKROOT = iphoneos;
				SWIFT_COMPILATION_MODE = wholemodule;
				VALIDATE_PRODUCT = YES;
			};
			name = Release;
		};
		860805D42C22B9BC0068831D /* Debug */ = {
			isa = XCBuildConfiguration;
			buildSettings = {
				ASSETCATALOG_COMPILER_APPICON_NAME = AppIcon;
				ASSETCATALOG_COMPILER_GLOBAL_ACCENT_COLOR_NAME = AccentColor;
				CODE_SIGN_STYLE = Automatic;
				CURRENT_PROJECT_VERSION = 1;
				GENERATE_INFOPLIST_FILE = YES;
				INFOPLIST_FILE = TT/Info.plist;
				INFOPLIST_KEY_UIApplicationSupportsIndirectInputEvents = YES;
				INFOPLIST_KEY_UILaunchStoryboardName = LaunchScreen;
				INFOPLIST_KEY_UIMainStoryboardFile = Main;
				INFOPLIST_KEY_UISupportedInterfaceOrientations_iPad = "UIInterfaceOrientationPortrait UIInterfaceOrientationPortraitUpsideDown UIInterfaceOrientationLandscapeLeft UIInterfaceOrientationLandscapeRight";
				INFOPLIST_KEY_UISupportedInterfaceOrientations_iPhone = "UIInterfaceOrientationPortrait UIInterfaceOrientationLandscapeLeft UIInterfaceOrientationLandscapeRight";
				LD_RUNPATH_SEARCH_PATHS = (
					"$(inherited)",
					"@executable_path/Frameworks",
				);
				MARKETING_VERSION = 1.0;
				PRODUCT_BUNDLE_IDENTIFIER = "-424.TT";
				PRODUCT_NAME = "$(TARGET_NAME)";
				SWIFT_EMIT_LOC_STRINGS = YES;
				SWIFT_VERSION = 5.0;
				TARGETED_DEVICE_FAMILY = "1,2";
			};
			name = Debug;
		};
		860805D52C22B9BC0068831D /* Release */ = {
			isa = XCBuildConfiguration;
			buildSettings = {
				ASSETCATALOG_COMPILER_APPICON_NAME = AppIcon;
				ASSETCATALOG_COMPILER_GLOBAL_ACCENT_COLOR_NAME = AccentColor;
				CODE_SIGN_STYLE = Automatic;
				CURRENT_PROJECT_VERSION = 1;
				GENERATE_INFOPLIST_FILE = YES;
				INFOPLIST_FILE = TT/Info.plist;
				INFOPLIST_KEY_UIApplicationSupportsIndirectInputEvents = YES;
				INFOPLIST_KEY_UILaunchStoryboardName = LaunchScreen;
				INFOPLIST_KEY_UIMainStoryboardFile = Main;
				INFOPLIST_KEY_UISupportedInterfaceOrientations_iPad = "UIInterfaceOrientationPortrait UIInterfaceOrientationPortraitUpsideDown UIInterfaceOrientationLandscapeLeft UIInterfaceOrientationLandscapeRight";
				INFOPLIST_KEY_UISupportedInterfaceOrientations_iPhone = "UIInterfaceOrientationPortrait UIInterfaceOrientationLandscapeLeft UIInterfaceOrientationLandscapeRight";
				LD_RUNPATH_SEARCH_PATHS = (
					"$(inherited)",
					"@executable_path/Frameworks",
				);
				MARKETING_VERSION = 1.0;
				PRODUCT_BUNDLE_IDENTIFIER = "-424.TT";
				PRODUCT_NAME = "$(TARGET_NAME)";
				SWIFT_EMIT_LOC_STRINGS = YES;
				SWIFT_VERSION = 5.0;
				TARGETED_DEVICE_FAMILY = "1,2";
			};
			name = Release;
		};
		860805D72C22B9BC0068831D /* Debug */ = {
			isa = XCBuildConfiguration;
			buildSettings = {
				ALWAYS_EMBED_SWIFT_STANDARD_LIBRARIES = YES;
				BUNDLE_LOADER = "$(TEST_HOST)";
				CODE_SIGN_STYLE = Automatic;
				CURRENT_PROJECT_VERSION = 1;
				GENERATE_INFOPLIST_FILE = YES;
				IPHONEOS_DEPLOYMENT_TARGET = 17.4;
				MARKETING_VERSION = 1.0;
				PRODUCT_BUNDLE_IDENTIFIER = "-424.TTTests";
				PRODUCT_NAME = "$(TARGET_NAME)";
				SWIFT_EMIT_LOC_STRINGS = NO;
				SWIFT_VERSION = 5.0;
				TARGETED_DEVICE_FAMILY = "1,2";
				TEST_HOST = "$(BUILT_PRODUCTS_DIR)/TT.app/$(BUNDLE_EXECUTABLE_FOLDER_PATH)/TT";
			};
			name = Debug;
		};
		860805D82C22B9BC0068831D /* Release */ = {
			isa = XCBuildConfiguration;
			buildSettings = {
				ALWAYS_EMBED_SWIFT_STANDARD_LIBRARIES = YES;
				BUNDLE_LOADER = "$(TEST_HOST)";
				CODE_SIGN_STYLE = Automatic;
				CURRENT_PROJECT_VERSION = 1;
				GENERATE_INFOPLIST_FILE = YES;
				IPHONEOS_DEPLOYMENT_TARGET = 17.4;
				MARKETING_VERSION = 1.0;
				PRODUCT_BUNDLE_IDENTIFIER = "-424.TTTests";
				PRODUCT_NAME = "$(TARGET_NAME)";
				SWIFT_EMIT_LOC_STRINGS = NO;
				SWIFT_VERSION = 5.0;
				TARGETED_DEVICE_FAMILY = "1,2";
				TEST_HOST = "$(BUILT_PRODUCTS_DIR)/TT.app/$(BUNDLE_EXECUTABLE_FOLDER_PATH)/TT";
			};
			name = Release;
		};
		860805DA2C22B9BC0068831D /* Debug */ = {
			isa = XCBuildConfiguration;
			buildSettings = {
				ALWAYS_EMBED_SWIFT_STANDARD_LIBRARIES = YES;
				CODE_SIGN_STYLE = Automatic;
				CURRENT_PROJECT_VERSION = 1;
				GENERATE_INFOPLIST_FILE = YES;
				MARKETING_VERSION = 1.0;
				PRODUCT_BUNDLE_IDENTIFIER = "-424.TTUITests";
				PRODUCT_NAME = "$(TARGET_NAME)";
				SWIFT_EMIT_LOC_STRINGS = NO;
				SWIFT_VERSION = 5.0;
				TARGETED_DEVICE_FAMILY = "1,2";
				TEST_TARGET_NAME = TT;
			};
			name = Debug;
		};
		860805DB2C22B9BC0068831D /* Release */ = {
			isa = XCBuildConfiguration;
			buildSettings = {
				ALWAYS_EMBED_SWIFT_STANDARD_LIBRARIES = YES;
				CODE_SIGN_STYLE = Automatic;
				CURRENT_PROJECT_VERSION = 1;
				GENERATE_INFOPLIST_FILE = YES;
				MARKETING_VERSION = 1.0;
				PRODUCT_BUNDLE_IDENTIFIER = "-424.TTUITests";
				PRODUCT_NAME = "$(TARGET_NAME)";
				SWIFT_EMIT_LOC_STRINGS = NO;
				SWIFT_VERSION = 5.0;
				TARGETED_DEVICE_FAMILY = "1,2";
				TEST_TARGET_NAME = TT;
			};
			name = Release;
		};
/* End XCBuildConfiguration section */

/* Begin XCConfigurationList section */
		860805A42C22B9BB0068831D /* Build configuration list for PBXProject "TT" */ = {
			isa = XCConfigurationList;
			buildConfigurations = (
				860805D12C22B9BC0068831D /* Debug */,
				860805D22C22B9BC0068831D /* Release */,
			);
			defaultConfigurationIsVisible = 0;
			defaultConfigurationName = Release;
		};
		860805D32C22B9BC0068831D /* Build configuration list for PBXNativeTarget "TT" */ = {
			isa = XCConfigurationList;
			buildConfigurations = (
				860805D42C22B9BC0068831D /* Debug */,
				860805D52C22B9BC0068831D /* Release */,
			);
			defaultConfigurationIsVisible = 0;
			defaultConfigurationName = Release;
		};
		860805D62C22B9BC0068831D /* Build configuration list for PBXNativeTarget "TTTests" */ = {
			isa = XCConfigurationList;
			buildConfigurations = (
				860805D72C22B9BC0068831D /* Debug */,
				860805D82C22B9BC0068831D /* Release */,
			);
			defaultConfigurationIsVisible = 0;
			defaultConfigurationName = Release;
		};
		860805D92C22B9BC0068831D /* Build configuration list for PBXNativeTarget "TTUITests" */ = {
			isa = XCConfigurationList;
			buildConfigurations = (
				860805DA2C22B9BC0068831D /* Debug */,
				860805DB2C22B9BC0068831D /* Release */,
			);
			defaultConfigurationIsVisible = 0;
			defaultConfigurationName = Release;
		};
/* End XCConfigurationList section */
	};
	rootObject = 860805A12C22B9BB0068831D /* Project object */;
}
