// !$*UTF8*$!
{
	archiveVersion = 1;
	classes = {
	};
	objectVersion = 56;
	objects = {

/* Begin PBXBuildFile section */
		864BD2B62C476B3C00196DD7 /* AppDelegate.swift in Sources */ = {isa = PBXBuildFile; fileRef = 864BD2B52C476B3C00196DD7 /* AppDelegate.swift */; };
		864BD2B82C476B3C00196DD7 /* SceneDelegate.swift in Sources */ = {isa = PBXBuildFile; fileRef = 864BD2B72C476B3C00196DD7 /* SceneDelegate.swift */; };
		864BD2BA2C476B3C00196DD7 /* ViewController.swift in Sources */ = {isa = PBXBuildFile; fileRef = 864BD2B92C476B3C00196DD7 /* ViewController.swift */; };
		864BD2BD2C476B3C00196DD7 /* Base in Resources */ = {isa = PBXBuildFile; fileRef = 864BD2BC2C476B3C00196DD7 /* Base */; };
		864BD2BF2C476B3E00196DD7 /* Assets.xcassets in Resources */ = {isa = PBXBuildFile; fileRef = 864BD2BE2C476B3E00196DD7 /* Assets.xcassets */; };
		864BD2C22C476B3E00196DD7 /* Base in Resources */ = {isa = PBXBuildFile; fileRef = 864BD2C12C476B3E00196DD7 /* Base */; };
		864BD2CD2C476B3E00196DD7 /* _22Tests.swift in Sources */ = {isa = PBXBuildFile; fileRef = 864BD2CC2C476B3E00196DD7 /* _22Tests.swift */; };
		864BD2D72C476B3E00196DD7 /* _22UITests.swift in Sources */ = {isa = PBXBuildFile; fileRef = 864BD2D62C476B3E00196DD7 /* _22UITests.swift */; };
		864BD2D92C476B3E00196DD7 /* _22UITestsLaunchTests.swift in Sources */ = {isa = PBXBuildFile; fileRef = 864BD2D82C476B3E00196DD7 /* _22UITestsLaunchTests.swift */; };
/* End PBXBuildFile section */

/* Begin PBXContainerItemProxy section */
		864BD2C92C476B3E00196DD7 /* PBXContainerItemProxy */ = {
			isa = PBXContainerItemProxy;
			containerPortal = 864BD2AA2C476B3C00196DD7 /* Project object */;
			proxyType = 1;
			remoteGlobalIDString = 864BD2B12C476B3C00196DD7;
			remoteInfo = 222;
		};
		864BD2D32C476B3E00196DD7 /* PBXContainerItemProxy */ = {
			isa = PBXContainerItemProxy;
			containerPortal = 864BD2AA2C476B3C00196DD7 /* Project object */;
			proxyType = 1;
			remoteGlobalIDString = 864BD2B12C476B3C00196DD7;
			remoteInfo = 222;
		};
/* End PBXContainerItemProxy section */

/* Begin PBXFileReference section */
		864BD2B22C476B3C00196DD7 /* 222.app */ = {isa = PBXFileReference; explicitFileType = wrapper.application; includeInIndex = 0; path = 222.app; sourceTree = BUILT_PRODUCTS_DIR; };
		864BD2B52C476B3C00196DD7 /* AppDelegate.swift */ = {isa = PBXFileReference; lastKnownFileType = sourcecode.swift; path = AppDelegate.swift; sourceTree = "<group>"; };
		864BD2B72C476B3C00196DD7 /* SceneDelegate.swift */ = {isa = PBXFileReference; lastKnownFileType = sourcecode.swift; path = SceneDelegate.swift; sourceTree = "<group>"; };
		864BD2B92C476B3C00196DD7 /* ViewController.swift */ = {isa = PBXFileReference; lastKnownFileType = sourcecode.swift; path = ViewController.swift; sourceTree = "<group>"; };
		864BD2BC2C476B3C00196DD7 /* Base */ = {isa = PBXFileReference; lastKnownFileType = file.storyboard; name = Base; path = Base.lproj/Main.storyboard; sourceTree = "<group>"; };
		864BD2BE2C476B3E00196DD7 /* Assets.xcassets */ = {isa = PBXFileReference; lastKnownFileType = folder.assetcatalog; path = Assets.xcassets; sourceTree = "<group>"; };
		864BD2C12C476B3E00196DD7 /* Base */ = {isa = PBXFileReference; lastKnownFileType = file.storyboard; name = Base; path = Base.lproj/LaunchScreen.storyboard; sourceTree = "<group>"; };
		864BD2C32C476B3E00196DD7 /* Info.plist */ = {isa = PBXFileReference; lastKnownFileType = text.plist.xml; path = Info.plist; sourceTree = "<group>"; };
		864BD2C82C476B3E00196DD7 /* 222Tests.xctest */ = {isa = PBXFileReference; explicitFileType = wrapper.cfbundle; includeInIndex = 0; path = 222Tests.xctest; sourceTree = BUILT_PRODUCTS_DIR; };
		864BD2CC2C476B3E00196DD7 /* _22Tests.swift */ = {isa = PBXFileReference; lastKnownFileType = sourcecode.swift; path = _22Tests.swift; sourceTree = "<group>"; };
		864BD2D22C476B3E00196DD7 /* 222UITests.xctest */ = {isa = PBXFileReference; explicitFileType = wrapper.cfbundle; includeInIndex = 0; path = 222UITests.xctest; sourceTree = BUILT_PRODUCTS_DIR; };
		864BD2D62C476B3E00196DD7 /* _22UITests.swift */ = {isa = PBXFileReference; lastKnownFileType = sourcecode.swift; path = _22UITests.swift; sourceTree = "<group>"; };
		864BD2D82C476B3E00196DD7 /* _22UITestsLaunchTests.swift */ = {isa = PBXFileReference; lastKnownFileType = sourcecode.swift; path = _22UITestsLaunchTests.swift; sourceTree = "<group>"; };
/* End PBXFileReference section */

/* Begin PBXFrameworksBuildPhase section */
		864BD2AF2C476B3C00196DD7 /* Frameworks */ = {
			isa = PBXFrameworksBuildPhase;
			buildActionMask = 2147483647;
			files = (
			);
			runOnlyForDeploymentPostprocessing = 0;
		};
		864BD2C52C476B3E00196DD7 /* Frameworks */ = {
			isa = PBXFrameworksBuildPhase;
			buildActionMask = 2147483647;
			files = (
			);
			runOnlyForDeploymentPostprocessing = 0;
		};
		864BD2CF2C476B3E00196DD7 /* Frameworks */ = {
			isa = PBXFrameworksBuildPhase;
			buildActionMask = 2147483647;
			files = (
			);
			runOnlyForDeploymentPostprocessing = 0;
		};
/* End PBXFrameworksBuildPhase section */

/* Begin PBXGroup section */
		864BD2A92C476B3C00196DD7 = {
			isa = PBXGroup;
			children = (
				864BD2B42C476B3C00196DD7 /* 222 */,
				864BD2CB2C476B3E00196DD7 /* 222Tests */,
				864BD2D52C476B3E00196DD7 /* 222UITests */,
				864BD2B32C476B3C00196DD7 /* Products */,
			);
			sourceTree = "<group>";
		};
		864BD2B32C476B3C00196DD7 /* Products */ = {
			isa = PBXGroup;
			children = (
				864BD2B22C476B3C00196DD7 /* 222.app */,
				864BD2C82C476B3E00196DD7 /* 222Tests.xctest */,
				864BD2D22C476B3E00196DD7 /* 222UITests.xctest */,
			);
			name = Products;
			sourceTree = "<group>";
		};
		864BD2B42C476B3C00196DD7 /* 222 */ = {
			isa = PBXGroup;
			children = (
				864BD2B52C476B3C00196DD7 /* AppDelegate.swift */,
				864BD2B72C476B3C00196DD7 /* SceneDelegate.swift */,
				864BD2B92C476B3C00196DD7 /* ViewController.swift */,
				864BD2BB2C476B3C00196DD7 /* Main.storyboard */,
				864BD2BE2C476B3E00196DD7 /* Assets.xcassets */,
				864BD2C02C476B3E00196DD7 /* LaunchScreen.storyboard */,
				864BD2C32C476B3E00196DD7 /* Info.plist */,
			);
			path = 222;
			sourceTree = "<group>";
		};
		864BD2CB2C476B3E00196DD7 /* 222Tests */ = {
			isa = PBXGroup;
			children = (
				864BD2CC2C476B3E00196DD7 /* _22Tests.swift */,
			);
			path = 222Tests;
			sourceTree = "<group>";
		};
		864BD2D52C476B3E00196DD7 /* 222UITests */ = {
			isa = PBXGroup;
			children = (
				864BD2D62C476B3E00196DD7 /* _22UITests.swift */,
				864BD2D82C476B3E00196DD7 /* _22UITestsLaunchTests.swift */,
			);
			path = 222UITests;
			sourceTree = "<group>";
		};
/* End PBXGroup section */

/* Begin PBXNativeTarget section */
		864BD2B12C476B3C00196DD7 /* 222 */ = {
			isa = PBXNativeTarget;
			buildConfigurationList = 864BD2DC2C476B3E00196DD7 /* Build configuration list for PBXNativeTarget "222" */;
			buildPhases = (
				864BD2AE2C476B3C00196DD7 /* Sources */,
				864BD2AF2C476B3C00196DD7 /* Frameworks */,
				864BD2B02C476B3C00196DD7 /* Resources */,
			);
			buildRules = (
			);
			dependencies = (
			);
			name = 222;
			productName = 222;
			productReference = 864BD2B22C476B3C00196DD7 /* 222.app */;
			productType = "com.apple.product-type.application";
		};
		864BD2C72C476B3E00196DD7 /* 222Tests */ = {
			isa = PBXNativeTarget;
			buildConfigurationList = 864BD2DF2C476B3E00196DD7 /* Build configuration list for PBXNativeTarget "222Tests" */;
			buildPhases = (
				864BD2C42C476B3E00196DD7 /* Sources */,
				864BD2C52C476B3E00196DD7 /* Frameworks */,
				864BD2C62C476B3E00196DD7 /* Resources */,
			);
			buildRules = (
			);
			dependencies = (
				864BD2CA2C476B3E00196DD7 /* PBXTargetDependency */,
			);
			name = 222Tests;
			productName = 222Tests;
			productReference = 864BD2C82C476B3E00196DD7 /* 222Tests.xctest */;
			productType = "com.apple.product-type.bundle.unit-test";
		};
		864BD2D12C476B3E00196DD7 /* 222UITests */ = {
			isa = PBXNativeTarget;
			buildConfigurationList = 864BD2E22C476B3E00196DD7 /* Build configuration list for PBXNativeTarget "222UITests" */;
			buildPhases = (
				864BD2CE2C476B3E00196DD7 /* Sources */,
				864BD2CF2C476B3E00196DD7 /* Frameworks */,
				864BD2D02C476B3E00196DD7 /* Resources */,
			);
			buildRules = (
			);
			dependencies = (
				864BD2D42C476B3E00196DD7 /* PBXTargetDependency */,
			);
			name = 222UITests;
			productName = 222UITests;
			productReference = 864BD2D22C476B3E00196DD7 /* 222UITests.xctest */;
			productType = "com.apple.product-type.bundle.ui-testing";
		};
/* End PBXNativeTarget section */

/* Begin PBXProject section */
		864BD2AA2C476B3C00196DD7 /* Project object */ = {
			isa = PBXProject;
			attributes = {
				BuildIndependentTargetsInParallel = 1;
				LastSwiftUpdateCheck = 1530;
				LastUpgradeCheck = 1530;
				TargetAttributes = {
					864BD2B12C476B3C00196DD7 = {
						CreatedOnToolsVersion = 15.3;
					};
					864BD2C72C476B3E00196DD7 = {
						CreatedOnToolsVersion = 15.3;
						TestTargetID = 864BD2B12C476B3C00196DD7;
					};
					864BD2D12C476B3E00196DD7 = {
						CreatedOnToolsVersion = 15.3;
						TestTargetID = 864BD2B12C476B3C00196DD7;
					};
				};
			};
			buildConfigurationList = 864BD2AD2C476B3C00196DD7 /* Build configuration list for PBXProject "222" */;
			compatibilityVersion = "Xcode 14.0";
			developmentRegion = en;
			hasScannedForEncodings = 0;
			knownRegions = (
				en,
				Base,
			);
			mainGroup = 864BD2A92C476B3C00196DD7;
			productRefGroup = 864BD2B32C476B3C00196DD7 /* Products */;
			projectDirPath = "";
			projectRoot = "";
			targets = (
				864BD2B12C476B3C00196DD7 /* 222 */,
				864BD2C72C476B3E00196DD7 /* 222Tests */,
				864BD2D12C476B3E00196DD7 /* 222UITests */,
			);
		};
/* End PBXProject section */

/* Begin PBXResourcesBuildPhase section */
		864BD2B02C476B3C00196DD7 /* Resources */ = {
			isa = PBXResourcesBuildPhase;
			buildActionMask = 2147483647;
			files = (
				864BD2BF2C476B3E00196DD7 /* Assets.xcassets in Resources */,
				864BD2C22C476B3E00196DD7 /* Base in Resources */,
				864BD2BD2C476B3C00196DD7 /* Base in Resources */,
			);
			runOnlyForDeploymentPostprocessing = 0;
		};
		864BD2C62C476B3E00196DD7 /* Resources */ = {
			isa = PBXResourcesBuildPhase;
			buildActionMask = 2147483647;
			files = (
			);
			runOnlyForDeploymentPostprocessing = 0;
		};
		864BD2D02C476B3E00196DD7 /* Resources */ = {
			isa = PBXResourcesBuildPhase;
			buildActionMask = 2147483647;
			files = (
			);
			runOnlyForDeploymentPostprocessing = 0;
		};
/* End PBXResourcesBuildPhase section */

/* Begin PBXSourcesBuildPhase section */
		864BD2AE2C476B3C00196DD7 /* Sources */ = {
			isa = PBXSourcesBuildPhase;
			buildActionMask = 2147483647;
			files = (
				864BD2BA2C476B3C00196DD7 /* ViewController.swift in Sources */,
				864BD2B62C476B3C00196DD7 /* AppDelegate.swift in Sources */,
				864BD2B82C476B3C00196DD7 /* SceneDelegate.swift in Sources */,
			);
			runOnlyForDeploymentPostprocessing = 0;
		};
		864BD2C42C476B3E00196DD7 /* Sources */ = {
			isa = PBXSourcesBuildPhase;
			buildActionMask = 2147483647;
			files = (
				864BD2CD2C476B3E00196DD7 /* _22Tests.swift in Sources */,
			);
			runOnlyForDeploymentPostprocessing = 0;
		};
		864BD2CE2C476B3E00196DD7 /* Sources */ = {
			isa = PBXSourcesBuildPhase;
			buildActionMask = 2147483647;
			files = (
				864BD2D92C476B3E00196DD7 /* _22UITestsLaunchTests.swift in Sources */,
				864BD2D72C476B3E00196DD7 /* _22UITests.swift in Sources */,
			);
			runOnlyForDeploymentPostprocessing = 0;
		};
/* End PBXSourcesBuildPhase section */

/* Begin PBXTargetDependency section */
		864BD2CA2C476B3E00196DD7 /* PBXTargetDependency */ = {
			isa = PBXTargetDependency;
			target = 864BD2B12C476B3C00196DD7 /* 222 */;
			targetProxy = 864BD2C92C476B3E00196DD7 /* PBXContainerItemProxy */;
		};
		864BD2D42C476B3E00196DD7 /* PBXTargetDependency */ = {
			isa = PBXTargetDependency;
			target = 864BD2B12C476B3C00196DD7 /* 222 */;
			targetProxy = 864BD2D32C476B3E00196DD7 /* PBXContainerItemProxy */;
		};
/* End PBXTargetDependency section */

/* Begin PBXVariantGroup section */
		864BD2BB2C476B3C00196DD7 /* Main.storyboard */ = {
			isa = PBXVariantGroup;
			children = (
				864BD2BC2C476B3C00196DD7 /* Base */,
			);
			name = Main.storyboard;
			sourceTree = "<group>";
		};
		864BD2C02C476B3E00196DD7 /* LaunchScreen.storyboard */ = {
			isa = PBXVariantGroup;
			children = (
				864BD2C12C476B3E00196DD7 /* Base */,
			);
			name = LaunchScreen.storyboard;
			sourceTree = "<group>";
		};
/* End PBXVariantGroup section */

/* Begin XCBuildConfiguration section */
		864BD2DA2C476B3E00196DD7 /* Debug */ = {
			isa = XCBuildConfiguration;
			buildSettings = {
				ALWAYS_SEARCH_USER_PATHS = NO;
				ASSETCATALOG_COMPILER_GENERATE_SWIFT_ASSET_SYMBOL_EXTENSIONS = YES;
				CLANG_ANALYZER_NONNULL = YES;
				CLANG_ANALYZER_NUMBER_OBJECT_CONVERSION = YES_AGGRESSIVE;
				CLANG_CXX_LANGUAGE_STANDARD = "gnu++20";
				CLANG_ENABLE_MODULES = YES;
				CLANG_ENABLE_OBJC_ARC = YES;
				CLANG_ENABLE_OBJC_WEAK = YES;
				CLANG_WARN_BLOCK_CAPTURE_AUTORELEASING = YES;
				CLANG_WARN_BOOL_CONVERSION = YES;
				CLANG_WARN_COMMA = YES;
				CLANG_WARN_CONSTANT_CONVERSION = YES;
				CLANG_WARN_DEPRECATED_OBJC_IMPLEMENTATIONS = YES;
				CLANG_WARN_DIRECT_OBJC_ISA_USAGE = YES_ERROR;
				CLANG_WARN_DOCUMENTATION_COMMENTS = YES;
				CLANG_WARN_EMPTY_BODY = YES;
				CLANG_WARN_ENUM_CONVERSION = YES;
				CLANG_WARN_INFINITE_RECURSION = YES;
				CLANG_WARN_INT_CONVERSION = YES;
				CLANG_WARN_NON_LITERAL_NULL_CONVERSION = YES;
				CLANG_WARN_OBJC_IMPLICIT_RETAIN_SELF = YES;
				CLANG_WARN_OBJC_LITERAL_CONVERSION = YES;
				CLANG_WARN_OBJC_ROOT_CLASS = YES_ERROR;
				CLANG_WARN_QUOTED_INCLUDE_IN_FRAMEWORK_HEADER = YES;
				CLANG_WARN_RANGE_LOOP_ANALYSIS = YES;
				CLANG_WARN_STRICT_PROTOTYPES = YES;
				CLANG_WARN_SUSPICIOUS_MOVE = YES;
				CLANG_WARN_UNGUARDED_AVAILABILITY = YES_AGGRESSIVE;
				CLANG_WARN_UNREACHABLE_CODE = YES;
				CLANG_WARN__DUPLICATE_METHOD_MATCH = YES;
				COPY_PHASE_STRIP = NO;
				DEBUG_INFORMATION_FORMAT = dwarf;
				ENABLE_STRICT_OBJC_MSGSEND = YES;
				ENABLE_TESTABILITY = YES;
				ENABLE_USER_SCRIPT_SANDBOXING = YES;
				GCC_C_LANGUAGE_STANDARD = gnu17;
				GCC_DYNAMIC_NO_PIC = NO;
				GCC_NO_COMMON_BLOCKS = YES;
				GCC_OPTIMIZATION_LEVEL = 0;
				GCC_PREPROCESSOR_DEFINITIONS = (
					"DEBUG=1",
					"$(inherited)",
				);
				GCC_WARN_64_TO_32_BIT_CONVERSION = YES;
				GCC_WARN_ABOUT_RETURN_TYPE = YES_ERROR;
				GCC_WARN_UNDECLARED_SELECTOR = YES;
				GCC_WARN_UNINITIALIZED_AUTOS = YES_AGGRESSIVE;
				GCC_WARN_UNUSED_FUNCTION = YES;
				GCC_WARN_UNUSED_VARIABLE = YES;
				IPHONEOS_DEPLOYMENT_TARGET = 17.4;
				LOCALIZATION_PREFERS_STRING_CATALOGS = YES;
				MTL_ENABLE_DEBUG_INFO = INCLUDE_SOURCE;
				MTL_FAST_MATH = YES;
				ONLY_ACTIVE_ARCH = YES;
				SDKROOT = iphoneos;
				SWIFT_ACTIVE_COMPILATION_CONDITIONS = "DEBUG $(inherited)";
				SWIFT_OPTIMIZATION_LEVEL = "-Onone";
			};
			name = Debug;
		};
		864BD2DB2C476B3E00196DD7 /* Release */ = {
			isa = XCBuildConfiguration;
			buildSettings = {
				ALWAYS_SEARCH_USER_PATHS = NO;
				ASSETCATALOG_COMPILER_GENERATE_SWIFT_ASSET_SYMBOL_EXTENSIONS = YES;
				CLANG_ANALYZER_NONNULL = YES;
				CLANG_ANALYZER_NUMBER_OBJECT_CONVERSION = YES_AGGRESSIVE;
				CLANG_CXX_LANGUAGE_STANDARD = "gnu++20";
				CLANG_ENABLE_MODULES = YES;
				CLANG_ENABLE_OBJC_ARC = YES;
				CLANG_ENABLE_OBJC_WEAK = YES;
				CLANG_WARN_BLOCK_CAPTURE_AUTORELEASING = YES;
				CLANG_WARN_BOOL_CONVERSION = YES;
				CLANG_WARN_COMMA = YES;
				CLANG_WARN_CONSTANT_CONVERSION = YES;
				CLANG_WARN_DEPRECATED_OBJC_IMPLEMENTATIONS = YES;
				CLANG_WARN_DIRECT_OBJC_ISA_USAGE = YES_ERROR;
				CLANG_WARN_DOCUMENTATION_COMMENTS = YES;
				CLANG_WARN_EMPTY_BODY = YES;
				CLANG_WARN_ENUM_CONVERSION = YES;
				CLANG_WARN_INFINITE_RECURSION = YES;
				CLANG_WARN_INT_CONVERSION = YES;
				CLANG_WARN_NON_LITERAL_NULL_CONVERSION = YES;
				CLANG_WARN_OBJC_IMPLICIT_RETAIN_SELF = YES;
				CLANG_WARN_OBJC_LITERAL_CONVERSION = YES;
				CLANG_WARN_OBJC_ROOT_CLASS = YES_ERROR;
				CLANG_WARN_QUOTED_INCLUDE_IN_FRAMEWORK_HEADER = YES;
				CLANG_WARN_RANGE_LOOP_ANALYSIS = YES;
				CLANG_WARN_STRICT_PROTOTYPES = YES;
				CLANG_WARN_SUSPICIOUS_MOVE = YES;
				CLANG_WARN_UNGUARDED_AVAILABILITY = YES_AGGRESSIVE;
				CLANG_WARN_UNREACHABLE_CODE = YES;
				CLANG_WARN__DUPLICATE_METHOD_MATCH = YES;
				COPY_PHASE_STRIP = NO;
				DEBUG_INFORMATION_FORMAT = "dwarf-with-dsym";
				ENABLE_NS_ASSERTIONS = NO;
				ENABLE_STRICT_OBJC_MSGSEND = YES;
				ENABLE_USER_SCRIPT_SANDBOXING = YES;
				GCC_C_LANGUAGE_STANDARD = gnu17;
				GCC_NO_COMMON_BLOCKS = YES;
				GCC_WARN_64_TO_32_BIT_CONVERSION = YES;
				GCC_WARN_ABOUT_RETURN_TYPE = YES_ERROR;
				GCC_WARN_UNDECLARED_SELECTOR = YES;
				GCC_WARN_UNINITIALIZED_AUTOS = YES_AGGRESSIVE;
				GCC_WARN_UNUSED_FUNCTION = YES;
				GCC_WARN_UNUSED_VARIABLE = YES;
				IPHONEOS_DEPLOYMENT_TARGET = 17.4;
				LOCALIZATION_PREFERS_STRING_CATALOGS = YES;
				MTL_ENABLE_DEBUG_INFO = NO;
				MTL_FAST_MATH = YES;
				SDKROOT = iphoneos;
				SWIFT_COMPILATION_MODE = wholemodule;
				VALIDATE_PRODUCT = YES;
			};
			name = Release;
		};
		864BD2DD2C476B3E00196DD7 /* Debug */ = {
			isa = XCBuildConfiguration;
			buildSettings = {
				ASSETCATALOG_COMPILER_APPICON_NAME = AppIcon;
				ASSETCATALOG_COMPILER_GLOBAL_ACCENT_COLOR_NAME = AccentColor;
				CODE_SIGN_STYLE = Automatic;
				CURRENT_PROJECT_VERSION = 1;
				GENERATE_INFOPLIST_FILE = YES;
				INFOPLIST_FILE = 222/Info.plist;
				INFOPLIST_KEY_UIApplicationSupportsIndirectInputEvents = YES;
				INFOPLIST_KEY_UILaunchStoryboardName = LaunchScreen;
				INFOPLIST_KEY_UIMainStoryboardFile = Main;
				INFOPLIST_KEY_UISupportedInterfaceOrientations_iPad = "UIInterfaceOrientationPortrait UIInterfaceOrientationPortraitUpsideDown UIInterfaceOrientationLandscapeLeft UIInterfaceOrientationLandscapeRight";
				INFOPLIST_KEY_UISupportedInterfaceOrientations_iPhone = "UIInterfaceOrientationPortrait UIInterfaceOrientationLandscapeLeft UIInterfaceOrientationLandscapeRight";
				LD_RUNPATH_SEARCH_PATHS = (
					"$(inherited)",
					"@executable_path/Frameworks",
				);
				MARKETING_VERSION = 1.0;
				PRODUCT_BUNDLE_IDENTIFIER = "-424.-22";
				PRODUCT_NAME = "$(TARGET_NAME)";
				SWIFT_EMIT_LOC_STRINGS = YES;
				SWIFT_VERSION = 5.0;
				TARGETED_DEVICE_FAMILY = "1,2";
			};
			name = Debug;
		};
		864BD2DE2C476B3E00196DD7 /* Release */ = {
			isa = XCBuildConfiguration;
			buildSettings = {
				ASSETCATALOG_COMPILER_APPICON_NAME = AppIcon;
				ASSETCATALOG_COMPILER_GLOBAL_ACCENT_COLOR_NAME = AccentColor;
				CODE_SIGN_STYLE = Automatic;
				CURRENT_PROJECT_VERSION = 1;
				GENERATE_INFOPLIST_FILE = YES;
				INFOPLIST_FILE = 222/Info.plist;
				INFOPLIST_KEY_UIApplicationSupportsIndirectInputEvents = YES;
				INFOPLIST_KEY_UILaunchStoryboardName = LaunchScreen;
				INFOPLIST_KEY_UIMainStoryboardFile = Main;
				INFOPLIST_KEY_UISupportedInterfaceOrientations_iPad = "UIInterfaceOrientationPortrait UIInterfaceOrientationPortraitUpsideDown UIInterfaceOrientationLandscapeLeft UIInterfaceOrientationLandscapeRight";
				INFOPLIST_KEY_UISupportedInterfaceOrientations_iPhone = "UIInterfaceOrientationPortrait UIInterfaceOrientationLandscapeLeft UIInterfaceOrientationLandscapeRight";
				LD_RUNPATH_SEARCH_PATHS = (
					"$(inherited)",
					"@executable_path/Frameworks",
				);
				MARKETING_VERSION = 1.0;
				PRODUCT_BUNDLE_IDENTIFIER = "-424.-22";
				PRODUCT_NAME = "$(TARGET_NAME)";
				SWIFT_EMIT_LOC_STRINGS = YES;
				SWIFT_VERSION = 5.0;
				TARGETED_DEVICE_FAMILY = "1,2";
			};
			name = Release;
		};
		864BD2E02C476B3E00196DD7 /* Debug */ = {
			isa = XCBuildConfiguration;
			buildSettings = {
				ALWAYS_EMBED_SWIFT_STANDARD_LIBRARIES = YES;
				BUNDLE_LOADER = "$(TEST_HOST)";
				CODE_SIGN_STYLE = Automatic;
				CURRENT_PROJECT_VERSION = 1;
				GENERATE_INFOPLIST_FILE = YES;
				IPHONEOS_DEPLOYMENT_TARGET = 17.4;
				MARKETING_VERSION = 1.0;
				PRODUCT_BUNDLE_IDENTIFIER = "-424.-22Tests";
				PRODUCT_NAME = "$(TARGET_NAME)";
				SWIFT_EMIT_LOC_STRINGS = NO;
				SWIFT_VERSION = 5.0;
				TARGETED_DEVICE_FAMILY = "1,2";
				TEST_HOST = "$(BUILT_PRODUCTS_DIR)/222.app/$(BUNDLE_EXECUTABLE_FOLDER_PATH)/222";
			};
			name = Debug;
		};
		864BD2E12C476B3E00196DD7 /* Release */ = {
			isa = XCBuildConfiguration;
			buildSettings = {
				ALWAYS_EMBED_SWIFT_STANDARD_LIBRARIES = YES;
				BUNDLE_LOADER = "$(TEST_HOST)";
				CODE_SIGN_STYLE = Automatic;
				CURRENT_PROJECT_VERSION = 1;
				GENERATE_INFOPLIST_FILE = YES;
				IPHONEOS_DEPLOYMENT_TARGET = 17.4;
				MARKETING_VERSION = 1.0;
				PRODUCT_BUNDLE_IDENTIFIER = "-424.-22Tests";
				PRODUCT_NAME = "$(TARGET_NAME)";
				SWIFT_EMIT_LOC_STRINGS = NO;
				SWIFT_VERSION = 5.0;
				TARGETED_DEVICE_FAMILY = "1,2";
				TEST_HOST = "$(BUILT_PRODUCTS_DIR)/222.app/$(BUNDLE_EXECUTABLE_FOLDER_PATH)/222";
			};
			name = Release;
		};
		864BD2E32C476B3E00196DD7 /* Debug */ = {
			isa = XCBuildConfiguration;
			buildSettings = {
				ALWAYS_EMBED_SWIFT_STANDARD_LIBRARIES = YES;
				CODE_SIGN_STYLE = Automatic;
				CURRENT_PROJECT_VERSION = 1;
				GENERATE_INFOPLIST_FILE = YES;
				MARKETING_VERSION = 1.0;
				PRODUCT_BUNDLE_IDENTIFIER = "-424.-22UITests";
				PRODUCT_NAME = "$(TARGET_NAME)";
				SWIFT_EMIT_LOC_STRINGS = NO;
				SWIFT_VERSION = 5.0;
				TARGETED_DEVICE_FAMILY = "1,2";
				TEST_TARGET_NAME = 222;
			};
			name = Debug;
		};
		864BD2E42C476B3E00196DD7 /* Release */ = {
			isa = XCBuildConfiguration;
			buildSettings = {
				ALWAYS_EMBED_SWIFT_STANDARD_LIBRARIES = YES;
				CODE_SIGN_STYLE = Automatic;
				CURRENT_PROJECT_VERSION = 1;
				GENERATE_INFOPLIST_FILE = YES;
				MARKETING_VERSION = 1.0;
				PRODUCT_BUNDLE_IDENTIFIER = "-424.-22UITests";
				PRODUCT_NAME = "$(TARGET_NAME)";
				SWIFT_EMIT_LOC_STRINGS = NO;
				SWIFT_VERSION = 5.0;
				TARGETED_DEVICE_FAMILY = "1,2";
				TEST_TARGET_NAME = 222;
			};
			name = Release;
		};
/* End XCBuildConfiguration section */

/* Begin XCConfigurationList section */
		864BD2AD2C476B3C00196DD7 /* Build configuration list for PBXProject "222" */ = {
			isa = XCConfigurationList;
			buildConfigurations = (
				864BD2DA2C476B3E00196DD7 /* Debug */,
				864BD2DB2C476B3E00196DD7 /* Release */,
			);
			defaultConfigurationIsVisible = 0;
			defaultConfigurationName = Release;
		};
		864BD2DC2C476B3E00196DD7 /* Build configuration list for PBXNativeTarget "222" */ = {
			isa = XCConfigurationList;
			buildConfigurations = (
				864BD2DD2C476B3E00196DD7 /* Debug */,
				864BD2DE2C476B3E00196DD7 /* Release */,
			);
			defaultConfigurationIsVisible = 0;
			defaultConfigurationName = Release;
		};
		864BD2DF2C476B3E00196DD7 /* Build configuration list for PBXNativeTarget "222Tests" */ = {
			isa = XCConfigurationList;
			buildConfigurations = (
				864BD2E02C476B3E00196DD7 /* Debug */,
				864BD2E12C476B3E00196DD7 /* Release */,
			);
			defaultConfigurationIsVisible = 0;
			defaultConfigurationName = Release;
		};
		864BD2E22C476B3E00196DD7 /* Build configuration list for PBXNativeTarget "222UITests" */ = {
			isa = XCConfigurationList;
			buildConfigurations = (
				864BD2E32C476B3E00196DD7 /* Debug */,
				864BD2E42C476B3E00196DD7 /* Release */,
			);
			defaultConfigurationIsVisible = 0;
			defaultConfigurationName = Release;
		};
/* End XCConfigurationList section */
	};
	rootObject = 864BD2AA2C476B3C00196DD7 /* Project object */;
}
